{
  "nodes": {
    "nixos-hardware": {
      "locked": {
        "lastModified": 1719145664,
        "narHash": "sha256-+0bBlerLxsHUJcKPDWZM1wL3V9bzCFjz+VyRTG8fnUA=",
        "owner": "NixOS",
        "repo": "nixos-hardware",
        "rev": "c3e48cbd88414f583ff08804eb57b0da4c194f9e",
        "type": "github"
      },
      "original": {
        "owner": "NixOS",
        "ref": "master",
        "repo": "nixos-hardware",
        "type": "github"
      }
    },
    "nixpkgs": {
      "locked": {
        "lastModified": 1717696253,
        "narHash": "sha256-1+ua0ggXlYYPLTmMl3YeYYsBXDSCqT+Gw3u6l4gvMhA=",
        "owner": "nixos",
        "repo": "nixpkgs",
        "rev": "9b5328b7f761a7bbdc0e332ac4cf076a3eedb89b",
        "type": "github"
      },
      "original": {
        "owner": "nixos",
        "ref": "nixos-24.05",
        "repo": "nixpkgs",
        "type": "github"
      }
    },
    "nixpkgs-unstable": {
      "locked": {
        "lastModified": 1718160348,
        "narHash": "sha256-9YrUjdztqi4Gz8n3mBuqvCkMo4ojrA6nASwyIKWMpus=",
        "owner": "nixos",
        "repo": "nixpkgs",
        "rev": "57d6973abba7ea108bac64ae7629e7431e0199b6",
        "type": "github"
      },
      "original": {
        "owner": "nixos",
        "ref": "nixos-unstable",
        "repo": "nixpkgs",
        "type": "github"
      }
    },
    "root": {
      "inputs": {
        "nixos-hardware": "nixos-hardware",
        "nixpkgs": "nixpkgs",
        "nixpkgs-unstable": "nixpkgs-unstable"
      }
    }
  },
  "root": "root",
  "version": 7
}
